{
  "version": 4,
  "terraform_version": "1.6.4",
  "serial": 20,
  "lineage": "645f86af-cbb5-2e77-1fa9-a8ce7d609f60",
  "outputs": {},
  "resources": [
    {
      "mode": "managed",
      "type": "aws_iam_user",
      "name": "new_users",
      "provider": "provider[\"registry.terraform.io/hashicorp/aws\"]",
      "instances": [
        {
          "index_key": 0,
          "schema_version": 0,
          "attributes": {
            "arn": "arn:aws:iam::154901835484:user/ytandu",
            "force_destroy": false,
            "id": "ytandu",
            "name": "ytandu",
            "path": "/",
            "permissions_boundary": "",
            "tags": {},
            "tags_all": {},
            "unique_id": "AIDASIEG6N3OJD7YDIUTZ"
          },
          "sensitive_attributes": [],
          "private": "bnVsbA=="
        },
        {
          "index_key": 1,
          "schema_version": 0,
          "attributes": {
            "arn": "arn:aws:iam::154901835484:user/giri",
            "force_destroy": false,
            "id": "giri",
            "name": "giri",
            "path": "/",
            "permissions_boundary": "",
            "tags": {},
            "tags_all": {},
            "unique_id": "AIDASIEG6N3OA3RRDR426"
          },
          "sensitive_attributes": [],
          "private": "bnVsbA=="
        }
      ]
    },
    {
      "mode": "managed",
      "type": "aws_iam_user_login_profile",
      "name": "newusers",
      "provider": "provider[\"registry.terraform.io/hashicorp/aws\"]",
      "instances": [
        {
          "index_key": 0,
          "status": "tainted",
          "schema_version": 0,
          "attributes": {
            "encrypted_password": null,
            "id": "ytandu",
            "key_fingerprint": null,
            "password": null,
            "password_length": 20,
            "password_reset_required": true,
            "pgp_key": "keybase:yadagiri123",
            "user": "ytandu"
          },
          "sensitive_attributes": [],
          "private": "bnVsbA=="
        },
        {
          "index_key": 1,
          "status": "tainted",
          "schema_version": 0,
          "attributes": {
            "encrypted_password": null,
            "id": "giri",
            "key_fingerprint": null,
            "password": null,
            "password_length": 20,
            "password_reset_required": true,
            "pgp_key": "keybase:yadagiri123",
            "user": "giri"
          },
          "sensitive_attributes": [],
          "private": "bnVsbA=="
        }
      ]
    }
  ],
  "check_results": null
}
